PODS:
  - Capacitor (7.4.4):
    - CapacitorCordova
  - CapacitorApp (7.1.0):
    - Capacitor
  - CapacitorCordova (7.4.4)
  - CapacitorHaptics (7.0.2):
    - Capacitor
  - CapgoCapacitorPurchases (5.0.8):
    - Capacitor
    - PurchasesHybridCommon (= 4.8.0)
    - RevenueCat (>= 4.16.0)
  - PurchasesHybridCommon (4.8.0):
    - RevenueCat (= 4.16.0)
  - RevenueCat (4.16.0)

DEPENDENCIES:
  - "Capacitor (from `../../node_modules/@capacitor/ios`)"
  - "CapacitorApp (from `../../node_modules/@capacitor/app`)"
  - "CapacitorCordova (from `../../node_modules/@capacitor/ios`)"
  - "CapacitorHaptics (from `../../node_modules/@capacitor/haptics`)"
  - "CapgoCapacitorPurchases (from `../../node_modules/@capgo/capacitor-purchases`)"

SPEC REPOS:
  trunk:
    - PurchasesHybridCommon
    - RevenueCat

EXTERNAL SOURCES:
  Capacitor:
    :path: "../../node_modules/@capacitor/ios"
  CapacitorApp:
    :path: "../../node_modules/@capacitor/app"
  CapacitorCordova:
    :path: "../../node_modules/@capacitor/ios"
  CapacitorHaptics:
    :path: "../../node_modules/@capacitor/haptics"
  CapgoCapacitorPurchases:
    :path: "../../node_modules/@capgo/capacitor-purchases"

SPEC CHECKSUMS:
  Capacitor: 358dd1c3fdd71d969547b17e159fd8a7736cb45f
  CapacitorApp: 26587c2ce485d88ddb39adb21cac64f8e481afe3
  CapacitorCordova: bf648a636f3c153f652d312ae145fb508b6ffced
  CapacitorHaptics: b3fb2869e72c4466e18ce9ccbeb60a3d8723b3d4
  CapgoCapacitorPurchases: 26ab63e5b3d41541b02c77badfbe448ff4b48a95
  PurchasesHybridCommon: bd1e1d3476afd3f95332b0ae160e4ce1bd1efd99
  RevenueCat: c12e14f5e3dc5732db6d5095ac4ce6ff08d7eeb0

PODFILE CHECKSUM: 06aa8df0874f6a027cbc1f239137580ed74f5d54

COCOAPODS: 1.16.2
